Microsoft Visual Studio Solution File, Format Version 11.00
# Visual Studio 2008

Project("{7319537E-A046-2996-6CD3-3DC80C1C0D43}") = "Noorootoo", "Assembly-CSharp.csproj", "{83E7E052-45C3-3FCC-9859-E984BAFBCE6F}"
EndProject
Global
	GlobalSection(SolutionConfigurationPlatforms) = preSolution
		Debug|Any CPU = Debug|Any CPU
		Release|Any CPU = Release|Any CPU
	EndGlobalSection
	GlobalSection(ProjectConfigurationPlatforms) = postSolution
		{83E7E052-45C3-3FCC-9859-E984BAFBCE6F}.Debug|Any CPU.ActiveCfg = Debug|Any CPU
		{83E7E052-45C3-3FCC-9859-E984BAFBCE6F}.Debug|Any CPU.Build.0 = Debug|Any CPU
		{83E7E052-45C3-3FCC-9859-E984BAFBCE6F}.Release|Any CPU.ActiveCfg = Release|Any CPU
		{83E7E052-45C3-3FCC-9859-E984BAFBCE6F}.Release|Any CPU.Build.0 = Release|Any CPU
	EndGlobalSection
	GlobalSection(SolutionProperties) = preSolution
		HideSolutionNode = FALSE
	EndGlobalSection
	GlobalSection(MonoDevelopProperties) = preSolution
		StartupItem = Assembly-CSharp.csproj
	EndGlobalSection
EndGlobal
